
Microsoft Visual Studio Solution File, Format Version 12.00
# Visual Studio 15
VisualStudioVersion = 15.0.27428.2005
MinimumVisualStudioVersion = 10.0.40219.1
Project("{FAE04EC0-301F-11D3-BF4B-00C04F79EFBC}") = "Progress4GL_DB_structure_explorer", "Progress4GL_DB_structure_explorer.csproj", "{50F939D1-7C45-4570-B8F1-07BA8E0D9D1F}"
EndProject
Global
	GlobalSection(SolutionConfigurationPlatforms) = preSolution
		Debug|Any CPU = Debug|Any CPU
		Release|Any CPU = Release|Any CPU
	EndGlobalSection
	GlobalSection(ProjectConfigurationPlatforms) = postSolution
		{50F939D1-7C45-4570-B8F1-07BA8E0D9D1F}.Debug|Any CPU.ActiveCfg = Debug|Any CPU
		{50F939D1-7C45-4570-B8F1-07BA8E0D9D1F}.Debug|Any CPU.Build.0 = Debug|Any CPU
		{50F939D1-7C45-4570-B8F1-07BA8E0D9D1F}.Release|Any CPU.ActiveCfg = Release|Any CPU
		{50F939D1-7C45-4570-B8F1-07BA8E0D9D1F}.Release|Any CPU.Build.0 = Release|Any CPU
	EndGlobalSection
	GlobalSection(SolutionProperties) = preSolution
		HideSolutionNode = FALSE
	EndGlobalSection
	GlobalSection(ExtensibilityGlobals) = postSolution
		SolutionGuid = {685DF14B-A5C2-4608-969F-B41E7AF26DD0}
	EndGlobalSection
EndGlobal
